
Microsoft Visual Studio Solution File, Format Version 12.00
# Visual Studio Version 17
VisualStudioVersion = 17.12.35527.113
MinimumVisualStudioVersion = 10.0.40219.1
Project("{FAE04EC0-301F-11D3-BF4B-00C04F79EFBC}") = "DataAccess", "DataAccess\DataAccess.csproj", "{223A49D0-EAEC-4449-B9F8-4E64AD3B91D2}"
EndProject
Project("{FAE04EC0-301F-11D3-BF4B-00C04F79EFBC}") = "StarterConsoleApp", "ConsoleApp\StarterConsoleApp.csproj", "{D62CAD62-915A-49E8-8234-9CC59E1D76EC}"
EndProject
Project("{FAE04EC0-301F-11D3-BF4B-00C04F79EFBC}") = "Benchmark.ConsoleApp", "Benchmark.ConsoleApp\Benchmark.ConsoleApp.csproj", "{1596F3DB-CE50-42E9-B016-E27AC211C027}"
EndProject
Project("{FAE04EC0-301F-11D3-BF4B-00C04F79EFBC}") = "AsNoTracking", "AsNoTracking\AsNoTracking.csproj", "{DA62797A-59A3-44B9-A74F-B91E411C0152}"
EndProject
Global
	GlobalSection(SolutionConfigurationPlatforms) = preSolution
		Debug|Any CPU = Debug|Any CPU
		Release|Any CPU = Release|Any CPU
	EndGlobalSection
	GlobalSection(ProjectConfigurationPlatforms) = postSolution
		{223A49D0-EAEC-4449-B9F8-4E64AD3B91D2}.Debug|Any CPU.ActiveCfg = Debug|Any CPU
		{223A49D0-EAEC-4449-B9F8-4E64AD3B91D2}.Debug|Any CPU.Build.0 = Debug|Any CPU
		{223A49D0-EAEC-4449-B9F8-4E64AD3B91D2}.Release|Any CPU.ActiveCfg = Release|Any CPU
		{223A49D0-EAEC-4449-B9F8-4E64AD3B91D2}.Release|Any CPU.Build.0 = Release|Any CPU
		{D62CAD62-915A-49E8-8234-9CC59E1D76EC}.Debug|Any CPU.ActiveCfg = Debug|Any CPU
		{D62CAD62-915A-49E8-8234-9CC59E1D76EC}.Debug|Any CPU.Build.0 = Debug|Any CPU
		{D62CAD62-915A-49E8-8234-9CC59E1D76EC}.Release|Any CPU.ActiveCfg = Release|Any CPU
		{D62CAD62-915A-49E8-8234-9CC59E1D76EC}.Release|Any CPU.Build.0 = Release|Any CPU
		{1596F3DB-CE50-42E9-B016-E27AC211C027}.Debug|Any CPU.ActiveCfg = Debug|Any CPU
		{1596F3DB-CE50-42E9-B016-E27AC211C027}.Debug|Any CPU.Build.0 = Debug|Any CPU
		{1596F3DB-CE50-42E9-B016-E27AC211C027}.Release|Any CPU.ActiveCfg = Release|Any CPU
		{1596F3DB-CE50-42E9-B016-E27AC211C027}.Release|Any CPU.Build.0 = Release|Any CPU
		{DA62797A-59A3-44B9-A74F-B91E411C0152}.Debug|Any CPU.ActiveCfg = Debug|Any CPU
		{DA62797A-59A3-44B9-A74F-B91E411C0152}.Debug|Any CPU.Build.0 = Debug|Any CPU
		{DA62797A-59A3-44B9-A74F-B91E411C0152}.Release|Any CPU.ActiveCfg = Release|Any CPU
		{DA62797A-59A3-44B9-A74F-B91E411C0152}.Release|Any CPU.Build.0 = Release|Any CPU
	EndGlobalSection
	GlobalSection(SolutionProperties) = preSolution
		HideSolutionNode = FALSE
	EndGlobalSection
EndGlobal
